
Microsoft Visual Studio Solution File, Format Version 12.00
# Visual Studio 14
VisualStudioVersion = 14.0.24720.0
MinimumVisualStudioVersion = 10.0.40219.1
Project("{FAE04EC0-301F-11D3-BF4B-00C04F79EFBC}") = "HumaneSocietyApp", "HumaneSocietyApp\HumaneSocietyApp.csproj", "{8291CD83-1894-4197-B52B-F78E14C16B0B}"
EndProject
Global
	GlobalSection(SolutionConfigurationPlatforms) = preSolution
		Debug|Any CPU = Debug|Any CPU
		Release|Any CPU = Release|Any CPU
	EndGlobalSection
	GlobalSection(ProjectConfigurationPlatforms) = postSolution
		{8291CD83-1894-4197-B52B-F78E14C16B0B}.Debug|Any CPU.ActiveCfg = Debug|Any CPU
		{8291CD83-1894-4197-B52B-F78E14C16B0B}.Debug|Any CPU.Build.0 = Debug|Any CPU
		{8291CD83-1894-4197-B52B-F78E14C16B0B}.Release|Any CPU.ActiveCfg = Release|Any CPU
		{8291CD83-1894-4197-B52B-F78E14C16B0B}.Release|Any CPU.Build.0 = Release|Any CPU
	EndGlobalSection
	GlobalSection(SolutionProperties) = preSolution
		HideSolutionNode = FALSE
	EndGlobalSection
EndGlobal
